
Microsoft Visual Studio Solution File, Format Version 12.00
# Visual Studio 15
VisualStudioVersion = 15.0.28307.572
MinimumVisualStudioVersion = 10.0.40219.1
Project("{8BC9CEB8-8B4A-11D0-8D11-00A0C91BC942}") = "DCustomFrame", "DCustomFrame\DCustomFrame.vcxproj", "{C651DA82-F084-4805-8D27-8A37BF729047}"
EndProject
Global
	GlobalSection(SolutionConfigurationPlatforms) = preSolution
		Debug|x86 = Debug|x86
		Release|x86 = Release|x86
	EndGlobalSection
	GlobalSection(ProjectConfigurationPlatforms) = postSolution
		{C651DA82-F084-4805-8D27-8A37BF729047}.Debug|x86.ActiveCfg = Debug|Win32
		{C651DA82-F084-4805-8D27-8A37BF729047}.Debug|x86.Build.0 = Debug|Win32
		{C651DA82-F084-4805-8D27-8A37BF729047}.Release|x86.ActiveCfg = Release|Win32
		{C651DA82-F084-4805-8D27-8A37BF729047}.Release|x86.Build.0 = Release|Win32
	EndGlobalSection
	GlobalSection(SolutionProperties) = preSolution
		HideSolutionNode = FALSE
	EndGlobalSection
	GlobalSection(ExtensibilityGlobals) = postSolution
		SolutionGuid = {29032449-73E4-4340-8CCA-C3313A6DEBF4}
	EndGlobalSection
EndGlobal
